
Microsoft Visual Studio Solution File, Format Version 12.00
# Visual Studio Version 17
VisualStudioVersion = 17.9.34728.123
MinimumVisualStudioVersion = 10.0.40219.1
Project("{FAE04EC0-301F-11D3-BF4B-00C04F79EFBC}") = "Asp_CRUD", "Asp_CRUD\Asp_CRUD.csproj", "{08EA786F-D660-4CE2-AF6B-6ECBD7716753}"
EndProject
Global
	GlobalSection(SolutionConfigurationPlatforms) = preSolution
		Debug|Any CPU = Debug|Any CPU
		Release|Any CPU = Release|Any CPU
	EndGlobalSection
	GlobalSection(ProjectConfigurationPlatforms) = postSolution
		{08EA786F-D660-4CE2-AF6B-6ECBD7716753}.Debug|Any CPU.ActiveCfg = Debug|Any CPU
		{08EA786F-D660-4CE2-AF6B-6ECBD7716753}.Debug|Any CPU.Build.0 = Debug|Any CPU
		{08EA786F-D660-4CE2-AF6B-6ECBD7716753}.Release|Any CPU.ActiveCfg = Release|Any CPU
		{08EA786F-D660-4CE2-AF6B-6ECBD7716753}.Release|Any CPU.Build.0 = Release|Any CPU
	EndGlobalSection
	GlobalSection(SolutionProperties) = preSolution
		HideSolutionNode = FALSE
	EndGlobalSection
	GlobalSection(ExtensibilityGlobals) = postSolution
		SolutionGuid = {20FB2246-3A88-4F99-85D0-70FD00823FCF}
	EndGlobalSection
EndGlobal
